// !$*UTF8*$!
{
	archiveVersion = 1;
	classes = {
	};
	objectVersion = 55;
	objects = {

/* Begin PBXBuildFile section */
		521CDEC52A57F8000082C56B /* Settings.swift in Sources */ = {isa = PBXBuildFile; fileRef = 521CDEC42A57F8000082C56B /* Settings.swift */; };
		52718AA42805DD200065C9DE /* CSGamesApp.swift in Sources */ = {isa = PBXBuildFile; fileRef = 52718AA32805DD200065C9DE /* CSGamesApp.swift */; };
		52718AA82805DD220065C9DE /* Assets.xcassets in Resources */ = {isa = PBXBuildFile; fileRef = 52718AA72805DD220065C9DE /* Assets.xcassets */; };
		52718AAB2805DD220065C9DE /* Preview Assets.xcassets in Resources */ = {isa = PBXBuildFile; fileRef = 52718AAA2805DD220065C9DE /* Preview Assets.xcassets */; };
		52718AB22805DE110065C9DE /* CSModel.swift in Sources */ = {isa = PBXBuildFile; fileRef = 52718AB12805DE110065C9DE /* CSModel.swift */; };
		52718AB42805DE8C0065C9DE /* CSGame.swift in Sources */ = {isa = PBXBuildFile; fileRef = 52718AB32805DE8C0065C9DE /* CSGame.swift */; };
		52718AB62805DF0A0065C9DE /* CSSquarebox.swift in Sources */ = {isa = PBXBuildFile; fileRef = 52718AB52805DF0A0065C9DE /* CSSquarebox.swift */; };
		52718AB82805DF7D0065C9DE /* CSSquare.swift in Sources */ = {isa = PBXBuildFile; fileRef = 52718AB72805DF7D0065C9DE /* CSSquare.swift */; };
		52718AC42805E3150065C9DE /* xGapView.swift in Sources */ = {isa = PBXBuildFile; fileRef = 52718AC32805E3150065C9DE /* xGapView.swift */; };
		52718AC62805E3A20065C9DE /* RandomColor.swift in Sources */ = {isa = PBXBuildFile; fileRef = 52718AC52805E3A20065C9DE /* RandomColor.swift */; };
		527216372810B245001264F3 /* CSAppUserInstructions.swift in Sources */ = {isa = PBXBuildFile; fileRef = 527216362810B245001264F3 /* CSAppUserInstructions.swift */; };
		527216392810B257001264F3 /* CSAppStatistics.swift in Sources */ = {isa = PBXBuildFile; fileRef = 527216382810B257001264F3 /* CSAppStatistics.swift */; };
		5272163B2810B273001264F3 /* CSAppData.swift in Sources */ = {isa = PBXBuildFile; fileRef = 5272163A2810B273001264F3 /* CSAppData.swift */; };
		5272163D2810B284001264F3 /* CSAppCustomization.swift in Sources */ = {isa = PBXBuildFile; fileRef = 5272163C2810B284001264F3 /* CSAppCustomization.swift */; };
		52745F5A28088BCD00B39220 /* CSAppColorChoser.swift in Sources */ = {isa = PBXBuildFile; fileRef = 52745F5928088BCD00B39220 /* CSAppColorChoser.swift */; };
		52745F612808AC9300B39220 /* Title.swift in Sources */ = {isa = PBXBuildFile; fileRef = 52745F602808AC9300B39220 /* Title.swift */; };
		5276878328076E7400501744 /* CSInfo.swift in Sources */ = {isa = PBXBuildFile; fileRef = 5276878228076E7400501744 /* CSInfo.swift */; };
		527687852807738300501744 /* Copyright.swift in Sources */ = {isa = PBXBuildFile; fileRef = 527687842807738300501744 /* Copyright.swift */; };
		527687872807742C00501744 /* CSSettings.swift in Sources */ = {isa = PBXBuildFile; fileRef = 527687862807742C00501744 /* CSSettings.swift */; };
		52768789280777A000501744 /* CSTitle.swift in Sources */ = {isa = PBXBuildFile; fileRef = 52768788280777A000501744 /* CSTitle.swift */; };
		5276878B280779DA00501744 /* CSButton.swift in Sources */ = {isa = PBXBuildFile; fileRef = 5276878A280779DA00501744 /* CSButton.swift */; };
		5276878D28077AB600501744 /* CSAppInfo.swift in Sources */ = {isa = PBXBuildFile; fileRef = 5276878C28077AB600501744 /* CSAppInfo.swift */; };
		52779B0B2808371A0071FCDC /* CSMain.swift in Sources */ = {isa = PBXBuildFile; fileRef = 52779B0A2808371A0071FCDC /* CSMain.swift */; };
		527D1D632A57542F00807DBC /* README.txt in Sources */ = {isa = PBXBuildFile; fileRef = 527D1D622A57542F00807DBC /* README.txt */; };
		527D1D662A575BF300807DBC /* ForegroundGradient1.swift in Sources */ = {isa = PBXBuildFile; fileRef = 527D1D652A575BF300807DBC /* ForegroundGradient1.swift */; };
		527D1D6A2A5782B900807DBC /* Main.swift in Sources */ = {isa = PBXBuildFile; fileRef = 527D1D692A5782B900807DBC /* Main.swift */; };
		528C0E6328171AF000C1962B /* xNaviTest.swift in Sources */ = {isa = PBXBuildFile; fileRef = 528C0E6228171AF000C1962B /* xNaviTest.swift */; };
/* End PBXBuildFile section */

/* Begin PBXFileReference section */
		521CDEC42A57F8000082C56B /* Settings.swift */ = {isa = PBXFileReference; lastKnownFileType = sourcecode.swift; path = Settings.swift; sourceTree = "<group>"; };
		52718AA02805DD200065C9DE /* CSGames.app */ = {isa = PBXFileReference; explicitFileType = wrapper.application; includeInIndex = 0; path = CSGames.app; sourceTree = BUILT_PRODUCTS_DIR; };
		52718AA32805DD200065C9DE /* CSGamesApp.swift */ = {isa = PBXFileReference; lastKnownFileType = sourcecode.swift; path = CSGamesApp.swift; sourceTree = "<group>"; };
		52718AA72805DD220065C9DE /* Assets.xcassets */ = {isa = PBXFileReference; lastKnownFileType = folder.assetcatalog; path = Assets.xcassets; sourceTree = "<group>"; };
		52718AAA2805DD220065C9DE /* Preview Assets.xcassets */ = {isa = PBXFileReference; lastKnownFileType = folder.assetcatalog; path = "Preview Assets.xcassets"; sourceTree = "<group>"; };
		52718AB12805DE110065C9DE /* CSModel.swift */ = {isa = PBXFileReference; lastKnownFileType = sourcecode.swift; path = CSModel.swift; sourceTree = "<group>"; };
		52718AB32805DE8C0065C9DE /* CSGame.swift */ = {isa = PBXFileReference; lastKnownFileType = sourcecode.swift; path = CSGame.swift; sourceTree = "<group>"; };
		52718AB52805DF0A0065C9DE /* CSSquarebox.swift */ = {isa = PBXFileReference; lastKnownFileType = sourcecode.swift; path = CSSquarebox.swift; sourceTree = "<group>"; };
		52718AB72805DF7D0065C9DE /* CSSquare.swift */ = {isa = PBXFileReference; lastKnownFileType = sourcecode.swift; path = CSSquare.swift; sourceTree = "<group>"; };
		52718AC32805E3150065C9DE /* xGapView.swift */ = {isa = PBXFileReference; lastKnownFileType = sourcecode.swift; path = xGapView.swift; sourceTree = "<group>"; };
		52718AC52805E3A20065C9DE /* RandomColor.swift */ = {isa = PBXFileReference; lastKnownFileType = sourcecode.swift; path = RandomColor.swift; sourceTree = "<group>"; };
		527216362810B245001264F3 /* CSAppUserInstructions.swift */ = {isa = PBXFileReference; lastKnownFileType = sourcecode.swift; path = CSAppUserInstructions.swift; sourceTree = "<group>"; };
		527216382810B257001264F3 /* CSAppStatistics.swift */ = {isa = PBXFileReference; lastKnownFileType = sourcecode.swift; path = CSAppStatistics.swift; sourceTree = "<group>"; };
		5272163A2810B273001264F3 /* CSAppData.swift */ = {isa = PBXFileReference; lastKnownFileType = sourcecode.swift; path = CSAppData.swift; sourceTree = "<group>"; };
		5272163C2810B284001264F3 /* CSAppCustomization.swift */ = {isa = PBXFileReference; lastKnownFileType = sourcecode.swift; path = CSAppCustomization.swift; sourceTree = "<group>"; };
		52745F5928088BCD00B39220 /* CSAppColorChoser.swift */ = {isa = PBXFileReference; lastKnownFileType = sourcecode.swift; path = CSAppColorChoser.swift; sourceTree = "<group>"; };
		52745F602808AC9300B39220 /* Title.swift */ = {isa = PBXFileReference; lastKnownFileType = sourcecode.swift; path = Title.swift; sourceTree = "<group>"; };
		5276878228076E7400501744 /* CSInfo.swift */ = {isa = PBXFileReference; lastKnownFileType = sourcecode.swift; path = CSInfo.swift; sourceTree = "<group>"; };
		527687842807738300501744 /* Copyright.swift */ = {isa = PBXFileReference; lastKnownFileType = sourcecode.swift; path = Copyright.swift; sourceTree = "<group>"; };
		527687862807742C00501744 /* CSSettings.swift */ = {isa = PBXFileReference; lastKnownFileType = sourcecode.swift; path = CSSettings.swift; sourceTree = "<group>"; };
		52768788280777A000501744 /* CSTitle.swift */ = {isa = PBXFileReference; lastKnownFileType = sourcecode.swift; path = CSTitle.swift; sourceTree = "<group>"; };
		5276878A280779DA00501744 /* CSButton.swift */ = {isa = PBXFileReference; lastKnownFileType = sourcecode.swift; path = CSButton.swift; sourceTree = "<group>"; };
		5276878C28077AB600501744 /* CSAppInfo.swift */ = {isa = PBXFileReference; lastKnownFileType = sourcecode.swift; path = CSAppInfo.swift; sourceTree = "<group>"; };
		52779B0A2808371A0071FCDC /* CSMain.swift */ = {isa = PBXFileReference; lastKnownFileType = sourcecode.swift; path = CSMain.swift; sourceTree = "<group>"; };
		527D1D622A57542F00807DBC /* README.txt */ = {isa = PBXFileReference; lastKnownFileType = text; path = README.txt; sourceTree = "<group>"; };
		527D1D652A575BF300807DBC /* ForegroundGradient1.swift */ = {isa = PBXFileReference; lastKnownFileType = sourcecode.swift; path = ForegroundGradient1.swift; sourceTree = "<group>"; };
		527D1D692A5782B900807DBC /* Main.swift */ = {isa = PBXFileReference; lastKnownFileType = sourcecode.swift; path = Main.swift; sourceTree = "<group>"; };
		528C0E6228171AF000C1962B /* xNaviTest.swift */ = {isa = PBXFileReference; lastKnownFileType = sourcecode.swift; path = xNaviTest.swift; sourceTree = "<group>"; };
/* End PBXFileReference section */

/* Begin PBXFrameworksBuildPhase section */
		52718A9D2805DD200065C9DE /* Frameworks */ = {
			isa = PBXFrameworksBuildPhase;
			buildActionMask = 2147483647;
			files = (
			);
			runOnlyForDeploymentPostprocessing = 0;
		};
/* End PBXFrameworksBuildPhase section */

/* Begin PBXGroup section */
		52718A972805DD200065C9DE = {
			isa = PBXGroup;
			children = (
				52718AA22805DD200065C9DE /* CSGames */,
				52718AA12805DD200065C9DE /* Products */,
			);
			sourceTree = "<group>";
		};
		52718AA12805DD200065C9DE /* Products */ = {
			isa = PBXGroup;
			children = (
				52718AA02805DD200065C9DE /* CSGames.app */,
			);
			name = Products;
			sourceTree = "<group>";
		};
		52718AA22805DD200065C9DE /* CSGames */ = {
			isa = PBXGroup;
			children = (
				527D1D622A57542F00807DBC /* README.txt */,
				52718AA32805DD200065C9DE /* CSGamesApp.swift */,
				527D1D692A5782B900807DBC /* Main.swift */,
				52745F602808AC9300B39220 /* Title.swift */,
				527687842807738300501744 /* Copyright.swift */,
				521CDEC42A57F8000082C56B /* Settings.swift */,
				527D1D642A575BAF00807DBC /* Modifiers */,
				52745F54280879EB00B39220 /* ColoredSquares */,
				52745F5828087B7600B39220 /* Utilities */,
				527D1D6B2A5784A000807DBC /* Junk */,
				52718AA72805DD220065C9DE /* Assets.xcassets */,
				52718AA92805DD220065C9DE /* Preview Content */,
			);
			path = CSGames;
			sourceTree = "<group>";
		};
		52718AA92805DD220065C9DE /* Preview Content */ = {
			isa = PBXGroup;
			children = (
				52718AAA2805DD220065C9DE /* Preview Assets.xcassets */,
			);
			path = "Preview Content";
			sourceTree = "<group>";
		};
		527378AB280A170F000B92D2 /* ViewModel */ = {
			isa = PBXGroup;
			children = (
				527687862807742C00501744 /* CSSettings.swift */,
			);
			path = ViewModel;
			sourceTree = "<group>";
		};
		52745F54280879EB00B39220 /* ColoredSquares */ = {
			isa = PBXGroup;
			children = (
				52779B0A2808371A0071FCDC /* CSMain.swift */,
				52745F5528087AC700B39220 /* Views */,
				527378AB280A170F000B92D2 /* ViewModel */,
				52745F5628087AD300B39220 /* Model */,
			);
			path = ColoredSquares;
			sourceTree = "<group>";
		};
		52745F5528087AC700B39220 /* Views */ = {
			isa = PBXGroup;
			children = (
				52745F5E2808A46900B39220 /* Game */,
				52745F5D2808A42C00B39220 /* Info */,
				52745F5F2808A4DF00B39220 /* Misc */,
			);
			path = Views;
			sourceTree = "<group>";
		};
		52745F5628087AD300B39220 /* Model */ = {
			isa = PBXGroup;
			children = (
				52718AB12805DE110065C9DE /* CSModel.swift */,
			);
			path = Model;
			sourceTree = "<group>";
		};
		52745F5828087B7600B39220 /* Utilities */ = {
			isa = PBXGroup;
			children = (
				52718AC52805E3A20065C9DE /* RandomColor.swift */,
			);
			path = Utilities;
			sourceTree = "<group>";
		};
		52745F5D2808A42C00B39220 /* Info */ = {
			isa = PBXGroup;
			children = (
				5276878228076E7400501744 /* CSInfo.swift */,
				5276878C28077AB600501744 /* CSAppInfo.swift */,
				52745F5928088BCD00B39220 /* CSAppColorChoser.swift */,
				527216362810B245001264F3 /* CSAppUserInstructions.swift */,
				5272163A2810B273001264F3 /* CSAppData.swift */,
				527216382810B257001264F3 /* CSAppStatistics.swift */,
				5272163C2810B284001264F3 /* CSAppCustomization.swift */,
			);
			path = Info;
			sourceTree = "<group>";
		};
		52745F5E2808A46900B39220 /* Game */ = {
			isa = PBXGroup;
			children = (
				52718AB32805DE8C0065C9DE /* CSGame.swift */,
				52718AB52805DF0A0065C9DE /* CSSquarebox.swift */,
				52718AB72805DF7D0065C9DE /* CSSquare.swift */,
				5276878A280779DA00501744 /* CSButton.swift */,
			);
			path = Game;
			sourceTree = "<group>";
		};
		52745F5F2808A4DF00B39220 /* Misc */ = {
			isa = PBXGroup;
			children = (
				52768788280777A000501744 /* CSTitle.swift */,
			);
			path = Misc;
			sourceTree = "<group>";
		};
		527D1D642A575BAF00807DBC /* Modifiers */ = {
			isa = PBXGroup;
			children = (
				527D1D652A575BF300807DBC /* ForegroundGradient1.swift */,
			);
			path = Modifiers;
			sourceTree = "<group>";
		};
		527D1D6B2A5784A000807DBC /* Junk */ = {
			isa = PBXGroup;
			children = (
				528C0E6228171AF000C1962B /* xNaviTest.swift */,
				52718AC32805E3150065C9DE /* xGapView.swift */,
			);
			path = Junk;
			sourceTree = "<group>";
		};
/* End PBXGroup section */

/* Begin PBXNativeTarget section */
		52718A9F2805DD200065C9DE /* CSGames */ = {
			isa = PBXNativeTarget;
			buildConfigurationList = 52718AAE2805DD220065C9DE /* Build configuration list for PBXNativeTarget "CSGames" */;
			buildPhases = (
				52718A9C2805DD200065C9DE /* Sources */,
				52718A9D2805DD200065C9DE /* Frameworks */,
				52718A9E2805DD200065C9DE /* Resources */,
			);
			buildRules = (
			);
			dependencies = (
			);
			name = CSGames;
			productName = ColoredSquares;
			productReference = 52718AA02805DD200065C9DE /* CSGames.app */;
			productType = "com.apple.product-type.application";
		};
/* End PBXNativeTarget section */

/* Begin PBXProject section */
		52718A982805DD200065C9DE /* Project object */ = {
			isa = PBXProject;
			attributes = {
				BuildIndependentTargetsInParallel = 1;
				LastSwiftUpdateCheck = 1330;
				LastUpgradeCheck = 1330;
				TargetAttributes = {
					52718A9F2805DD200065C9DE = {
						CreatedOnToolsVersion = 13.3;
					};
				};
			};
			buildConfigurationList = 52718A9B2805DD200065C9DE /* Build configuration list for PBXProject "CSGames" */;
			compatibilityVersion = "Xcode 13.0";
			developmentRegion = en;
			hasScannedForEncodings = 0;
			knownRegions = (
				en,
				Base,
			);
			mainGroup = 52718A972805DD200065C9DE;
			productRefGroup = 52718AA12805DD200065C9DE /* Products */;
			projectDirPath = "";
			projectRoot = "";
			targets = (
				52718A9F2805DD200065C9DE /* CSGames */,
			);
		};
/* End PBXProject section */

/* Begin PBXResourcesBuildPhase section */
		52718A9E2805DD200065C9DE /* Resources */ = {
			isa = PBXResourcesBuildPhase;
			buildActionMask = 2147483647;
			files = (
				52718AAB2805DD220065C9DE /* Preview Assets.xcassets in Resources */,
				52718AA82805DD220065C9DE /* Assets.xcassets in Resources */,
			);
			runOnlyForDeploymentPostprocessing = 0;
		};
/* End PBXResourcesBuildPhase section */

/* Begin PBXSourcesBuildPhase section */
		52718A9C2805DD200065C9DE /* Sources */ = {
			isa = PBXSourcesBuildPhase;
			buildActionMask = 2147483647;
			files = (
				52718AB82805DF7D0065C9DE /* CSSquare.swift in Sources */,
				527687852807738300501744 /* Copyright.swift in Sources */,
				5276878B280779DA00501744 /* CSButton.swift in Sources */,
				52779B0B2808371A0071FCDC /* CSMain.swift in Sources */,
				52718AB22805DE110065C9DE /* CSModel.swift in Sources */,
				527216372810B245001264F3 /* CSAppUserInstructions.swift in Sources */,
				5276878328076E7400501744 /* CSInfo.swift in Sources */,
				528C0E6328171AF000C1962B /* xNaviTest.swift in Sources */,
				527D1D6A2A5782B900807DBC /* Main.swift in Sources */,
				521CDEC52A57F8000082C56B /* Settings.swift in Sources */,
				52718AC42805E3150065C9DE /* xGapView.swift in Sources */,
				52745F5A28088BCD00B39220 /* CSAppColorChoser.swift in Sources */,
				5272163D2810B284001264F3 /* CSAppCustomization.swift in Sources */,
				52745F612808AC9300B39220 /* Title.swift in Sources */,
				52718AC62805E3A20065C9DE /* RandomColor.swift in Sources */,
				52718AB42805DE8C0065C9DE /* CSGame.swift in Sources */,
				527216392810B257001264F3 /* CSAppStatistics.swift in Sources */,
				5272163B2810B273001264F3 /* CSAppData.swift in Sources */,
				52718AA42805DD200065C9DE /* CSGamesApp.swift in Sources */,
				527687872807742C00501744 /* CSSettings.swift in Sources */,
				527D1D662A575BF300807DBC /* ForegroundGradient1.swift in Sources */,
				52718AB62805DF0A0065C9DE /* CSSquarebox.swift in Sources */,
				5276878D28077AB600501744 /* CSAppInfo.swift in Sources */,
				52768789280777A000501744 /* CSTitle.swift in Sources */,
				527D1D632A57542F00807DBC /* README.txt in Sources */,
			);
			runOnlyForDeploymentPostprocessing = 0;
		};
/* End PBXSourcesBuildPhase section */

/* Begin XCBuildConfiguration section */
		52718AAC2805DD220065C9DE /* Debug */ = {
			isa = XCBuildConfiguration;
			buildSettings = {
				ALWAYS_SEARCH_USER_PATHS = NO;
				CLANG_ANALYZER_NONNULL = YES;
				CLANG_ANALYZER_NUMBER_OBJECT_CONVERSION = YES_AGGRESSIVE;
				CLANG_CXX_LANGUAGE_STANDARD = "gnu++17";
				CLANG_ENABLE_MODULES = YES;
				CLANG_ENABLE_OBJC_ARC = YES;
				CLANG_ENABLE_OBJC_WEAK = YES;
				CLANG_WARN_BLOCK_CAPTURE_AUTORELEASING = YES;
				CLANG_WARN_BOOL_CONVERSION = YES;
				CLANG_WARN_COMMA = YES;
				CLANG_WARN_CONSTANT_CONVERSION = YES;
				CLANG_WARN_DEPRECATED_OBJC_IMPLEMENTATIONS = YES;
				CLANG_WARN_DIRECT_OBJC_ISA_USAGE = YES_ERROR;
				CLANG_WARN_DOCUMENTATION_COMMENTS = YES;
				CLANG_WARN_EMPTY_BODY = YES;
				CLANG_WARN_ENUM_CONVERSION = YES;
				CLANG_WARN_INFINITE_RECURSION = YES;
				CLANG_WARN_INT_CONVERSION = YES;
				CLANG_WARN_NON_LITERAL_NULL_CONVERSION = YES;
				CLANG_WARN_OBJC_IMPLICIT_RETAIN_SELF = YES;
				CLANG_WARN_OBJC_LITERAL_CONVERSION = YES;
				CLANG_WARN_OBJC_ROOT_CLASS = YES_ERROR;
				CLANG_WARN_QUOTED_INCLUDE_IN_FRAMEWORK_HEADER = YES;
				CLANG_WARN_RANGE_LOOP_ANALYSIS = YES;
				CLANG_WARN_STRICT_PROTOTYPES = YES;
				CLANG_WARN_SUSPICIOUS_MOVE = YES;
				CLANG_WARN_UNGUARDED_AVAILABILITY = YES_AGGRESSIVE;
				CLANG_WARN_UNREACHABLE_CODE = YES;
				CLANG_WARN__DUPLICATE_METHOD_MATCH = YES;
				COPY_PHASE_STRIP = NO;
				DEBUG_INFORMATION_FORMAT = dwarf;
				ENABLE_STRICT_OBJC_MSGSEND = YES;
				ENABLE_TESTABILITY = YES;
				GCC_C_LANGUAGE_STANDARD = gnu11;
				GCC_DYNAMIC_NO_PIC = NO;
				GCC_NO_COMMON_BLOCKS = YES;
				GCC_OPTIMIZATION_LEVEL = 0;
				GCC_PREPROCESSOR_DEFINITIONS = (
					"DEBUG=1",
					"$(inherited)",
				);
				GCC_WARN_64_TO_32_BIT_CONVERSION = YES;
				GCC_WARN_ABOUT_RETURN_TYPE = YES_ERROR;
				GCC_WARN_UNDECLARED_SELECTOR = YES;
				GCC_WARN_UNINITIALIZED_AUTOS = YES_AGGRESSIVE;
				GCC_WARN_UNUSED_FUNCTION = YES;
				GCC_WARN_UNUSED_VARIABLE = YES;
				IPHONEOS_DEPLOYMENT_TARGET = 15.4;
				MTL_ENABLE_DEBUG_INFO = INCLUDE_SOURCE;
				MTL_FAST_MATH = YES;
				ONLY_ACTIVE_ARCH = YES;
				SDKROOT = iphoneos;
				SWIFT_ACTIVE_COMPILATION_CONDITIONS = DEBUG;
				SWIFT_OPTIMIZATION_LEVEL = "-Onone";
			};
			name = Debug;
		};
		52718AAD2805DD220065C9DE /* Release */ = {
			isa = XCBuildConfiguration;
			buildSettings = {
				ALWAYS_SEARCH_USER_PATHS = NO;
				CLANG_ANALYZER_NONNULL = YES;
				CLANG_ANALYZER_NUMBER_OBJECT_CONVERSION = YES_AGGRESSIVE;
				CLANG_CXX_LANGUAGE_STANDARD = "gnu++17";
				CLANG_ENABLE_MODULES = YES;
				CLANG_ENABLE_OBJC_ARC = YES;
				CLANG_ENABLE_OBJC_WEAK = YES;
				CLANG_WARN_BLOCK_CAPTURE_AUTORELEASING = YES;
				CLANG_WARN_BOOL_CONVERSION = YES;
				CLANG_WARN_COMMA = YES;
				CLANG_WARN_CONSTANT_CONVERSION = YES;
				CLANG_WARN_DEPRECATED_OBJC_IMPLEMENTATIONS = YES;
				CLANG_WARN_DIRECT_OBJC_ISA_USAGE = YES_ERROR;
				CLANG_WARN_DOCUMENTATION_COMMENTS = YES;
				CLANG_WARN_EMPTY_BODY = YES;
				CLANG_WARN_ENUM_CONVERSION = YES;
				CLANG_WARN_INFINITE_RECURSION = YES;
				CLANG_WARN_INT_CONVERSION = YES;
				CLANG_WARN_NON_LITERAL_NULL_CONVERSION = YES;
				CLANG_WARN_OBJC_IMPLICIT_RETAIN_SELF = YES;
				CLANG_WARN_OBJC_LITERAL_CONVERSION = YES;
				CLANG_WARN_OBJC_ROOT_CLASS = YES_ERROR;
				CLANG_WARN_QUOTED_INCLUDE_IN_FRAMEWORK_HEADER = YES;
				CLANG_WARN_RANGE_LOOP_ANALYSIS = YES;
				CLANG_WARN_STRICT_PROTOTYPES = YES;
				CLANG_WARN_SUSPICIOUS_MOVE = YES;
				CLANG_WARN_UNGUARDED_AVAILABILITY = YES_AGGRESSIVE;
				CLANG_WARN_UNREACHABLE_CODE = YES;
				CLANG_WARN__DUPLICATE_METHOD_MATCH = YES;
				COPY_PHASE_STRIP = NO;
				DEBUG_INFORMATION_FORMAT = "dwarf-with-dsym";
				ENABLE_NS_ASSERTIONS = NO;
				ENABLE_STRICT_OBJC_MSGSEND = YES;
				GCC_C_LANGUAGE_STANDARD = gnu11;
				GCC_NO_COMMON_BLOCKS = YES;
				GCC_WARN_64_TO_32_BIT_CONVERSION = YES;
				GCC_WARN_ABOUT_RETURN_TYPE = YES_ERROR;
				GCC_WARN_UNDECLARED_SELECTOR = YES;
				GCC_WARN_UNINITIALIZED_AUTOS = YES_AGGRESSIVE;
				GCC_WARN_UNUSED_FUNCTION = YES;
				GCC_WARN_UNUSED_VARIABLE = YES;
				IPHONEOS_DEPLOYMENT_TARGET = 15.4;
				MTL_ENABLE_DEBUG_INFO = NO;
				MTL_FAST_MATH = YES;
				SDKROOT = iphoneos;
				SWIFT_COMPILATION_MODE = wholemodule;
				SWIFT_OPTIMIZATION_LEVEL = "-O";
				VALIDATE_PRODUCT = YES;
			};
			name = Release;
		};
		52718AAF2805DD220065C9DE /* Debug */ = {
			isa = XCBuildConfiguration;
			buildSettings = {
				ASSETCATALOG_COMPILER_APPICON_NAME = AppIcon;
				ASSETCATALOG_COMPILER_GLOBAL_ACCENT_COLOR_NAME = AccentColor;
				CODE_SIGN_STYLE = Automatic;
				CURRENT_PROJECT_VERSION = 1;
				DEVELOPMENT_ASSET_PATHS = "\"CSGames/Preview Content\"";
				DEVELOPMENT_TEAM = 2S62JW94RL;
				ENABLE_PREVIEWS = YES;
				GENERATE_INFOPLIST_FILE = YES;
				INFOPLIST_KEY_UIApplicationSceneManifest_Generation = YES;
				INFOPLIST_KEY_UIApplicationSupportsIndirectInputEvents = YES;
				INFOPLIST_KEY_UILaunchScreen_Generation = YES;
				INFOPLIST_KEY_UISupportedInterfaceOrientations_iPad = "UIInterfaceOrientationPortrait UIInterfaceOrientationPortraitUpsideDown UIInterfaceOrientationLandscapeLeft UIInterfaceOrientationLandscapeRight";
				INFOPLIST_KEY_UISupportedInterfaceOrientations_iPhone = "UIInterfaceOrientationPortrait UIInterfaceOrientationLandscapeLeft UIInterfaceOrientationLandscapeRight";
				LD_RUNPATH_SEARCH_PATHS = (
					"$(inherited)",
					"@executable_path/Frameworks",
				);
				MARKETING_VERSION = 1.0;
				PRODUCT_BUNDLE_IDENTIFIER = vk.CSGames;
				PRODUCT_NAME = "$(TARGET_NAME)";
				SWIFT_EMIT_LOC_STRINGS = YES;
				SWIFT_VERSION = 5.0;
				TARGETED_DEVICE_FAMILY = "1,2";
			};
			name = Debug;
		};
		52718AB02805DD220065C9DE /* Release */ = {
			isa = XCBuildConfiguration;
			buildSettings = {
				ASSETCATALOG_COMPILER_APPICON_NAME = AppIcon;
				ASSETCATALOG_COMPILER_GLOBAL_ACCENT_COLOR_NAME = AccentColor;
				CODE_SIGN_STYLE = Automatic;
				CURRENT_PROJECT_VERSION = 1;
				DEVELOPMENT_ASSET_PATHS = "\"CSGames/Preview Content\"";
				DEVELOPMENT_TEAM = 2S62JW94RL;
				ENABLE_PREVIEWS = YES;
				GENERATE_INFOPLIST_FILE = YES;
				INFOPLIST_KEY_UIApplicationSceneManifest_Generation = YES;
				INFOPLIST_KEY_UIApplicationSupportsIndirectInputEvents = YES;
				INFOPLIST_KEY_UILaunchScreen_Generation = YES;
				INFOPLIST_KEY_UISupportedInterfaceOrientations_iPad = "UIInterfaceOrientationPortrait UIInterfaceOrientationPortraitUpsideDown UIInterfaceOrientationLandscapeLeft UIInterfaceOrientationLandscapeRight";
				INFOPLIST_KEY_UISupportedInterfaceOrientations_iPhone = "UIInterfaceOrientationPortrait UIInterfaceOrientationLandscapeLeft UIInterfaceOrientationLandscapeRight";
				LD_RUNPATH_SEARCH_PATHS = (
					"$(inherited)",
					"@executable_path/Frameworks",
				);
				MARKETING_VERSION = 1.0;
				PRODUCT_BUNDLE_IDENTIFIER = vk.CSGames;
				PRODUCT_NAME = "$(TARGET_NAME)";
				SWIFT_EMIT_LOC_STRINGS = YES;
				SWIFT_VERSION = 5.0;
				TARGETED_DEVICE_FAMILY = "1,2";
			};
			name = Release;
		};
/* End XCBuildConfiguration section */

/* Begin XCConfigurationList section */
		52718A9B2805DD200065C9DE /* Build configuration list for PBXProject "CSGames" */ = {
			isa = XCConfigurationList;
			buildConfigurations = (
				52718AAC2805DD220065C9DE /* Debug */,
				52718AAD2805DD220065C9DE /* Release */,
			);
			defaultConfigurationIsVisible = 0;
			defaultConfigurationName = Release;
		};
		52718AAE2805DD220065C9DE /* Build configuration list for PBXNativeTarget "CSGames" */ = {
			isa = XCConfigurationList;
			buildConfigurations = (
				52718AAF2805DD220065C9DE /* Debug */,
				52718AB02805DD220065C9DE /* Release */,
			);
			defaultConfigurationIsVisible = 0;
			defaultConfigurationName = Release;
		};
/* End XCConfigurationList section */
	};
	rootObject = 52718A982805DD200065C9DE /* Project object */;
}
